
Microsoft Visual Studio Solution File, Format Version 12.00
# Visual Studio Version 17
VisualStudioVersion = 17.0.31903.59
MinimumVisualStudioVersion = 10.0.40219.1
Project("{FAE04EC0-301F-11D3-BF4B-00C04F79EFBC}") = "Proyecto.Core", "Proyecto.Core\Proyecto.Core.csproj", "{688034EB-6F3F-4D69-B739-57BA49DC718A}"
EndProject
Project("{FAE04EC0-301F-11D3-BF4B-00C04F79EFBC}") = "Proyecto.Dapper", "Proyecto.Dapper\Proyecto.Dapper.csproj", "{FEEFDC83-E7A7-40AE-A016-F9EFA7E23052}"
EndProject
Project("{FAE04EC0-301F-11D3-BF4B-00C04F79EFBC}") = "ProyectoAPI", "ProyectoAPI\ProyectoAPI.csproj", "{66C916E0-4C61-4B7F-BBEB-4F9BF0818330}"
EndProject
Global
	GlobalSection(SolutionConfigurationPlatforms) = preSolution
		Debug|Any CPU = Debug|Any CPU
		Debug|x64 = Debug|x64
		Debug|x86 = Debug|x86
		Release|Any CPU = Release|Any CPU
		Release|x64 = Release|x64
		Release|x86 = Release|x86
	EndGlobalSection
	GlobalSection(ProjectConfigurationPlatforms) = postSolution
		{688034EB-6F3F-4D69-B739-57BA49DC718A}.Debug|Any CPU.ActiveCfg = Debug|Any CPU
		{688034EB-6F3F-4D69-B739-57BA49DC718A}.Debug|Any CPU.Build.0 = Debug|Any CPU
		{688034EB-6F3F-4D69-B739-57BA49DC718A}.Debug|x64.ActiveCfg = Debug|Any CPU
		{688034EB-6F3F-4D69-B739-57BA49DC718A}.Debug|x64.Build.0 = Debug|Any CPU
		{688034EB-6F3F-4D69-B739-57BA49DC718A}.Debug|x86.ActiveCfg = Debug|Any CPU
		{688034EB-6F3F-4D69-B739-57BA49DC718A}.Debug|x86.Build.0 = Debug|Any CPU
		{688034EB-6F3F-4D69-B739-57BA49DC718A}.Release|Any CPU.ActiveCfg = Release|Any CPU
		{688034EB-6F3F-4D69-B739-57BA49DC718A}.Release|Any CPU.Build.0 = Release|Any CPU
		{688034EB-6F3F-4D69-B739-57BA49DC718A}.Release|x64.ActiveCfg = Release|Any CPU
		{688034EB-6F3F-4D69-B739-57BA49DC718A}.Release|x64.Build.0 = Release|Any CPU
		{688034EB-6F3F-4D69-B739-57BA49DC718A}.Release|x86.ActiveCfg = Release|Any CPU
		{688034EB-6F3F-4D69-B739-57BA49DC718A}.Release|x86.Build.0 = Release|Any CPU
		{FEEFDC83-E7A7-40AE-A016-F9EFA7E23052}.Debug|Any CPU.ActiveCfg = Debug|Any CPU
		{FEEFDC83-E7A7-40AE-A016-F9EFA7E23052}.Debug|Any CPU.Build.0 = Debug|Any CPU
		{FEEFDC83-E7A7-40AE-A016-F9EFA7E23052}.Debug|x64.ActiveCfg = Debug|Any CPU
		{FEEFDC83-E7A7-40AE-A016-F9EFA7E23052}.Debug|x64.Build.0 = Debug|Any CPU
		{FEEFDC83-E7A7-40AE-A016-F9EFA7E23052}.Debug|x86.ActiveCfg = Debug|Any CPU
		{FEEFDC83-E7A7-40AE-A016-F9EFA7E23052}.Debug|x86.Build.0 = Debug|Any CPU
		{FEEFDC83-E7A7-40AE-A016-F9EFA7E23052}.Release|Any CPU.ActiveCfg = Release|Any CPU
		{FEEFDC83-E7A7-40AE-A016-F9EFA7E23052}.Release|Any CPU.Build.0 = Release|Any CPU
		{FEEFDC83-E7A7-40AE-A016-F9EFA7E23052}.Release|x64.ActiveCfg = Release|Any CPU
		{FEEFDC83-E7A7-40AE-A016-F9EFA7E23052}.Release|x64.Build.0 = Release|Any CPU
		{FEEFDC83-E7A7-40AE-A016-F9EFA7E23052}.Release|x86.ActiveCfg = Release|Any CPU
		{FEEFDC83-E7A7-40AE-A016-F9EFA7E23052}.Release|x86.Build.0 = Release|Any CPU
		{66C916E0-4C61-4B7F-BBEB-4F9BF0818330}.Debug|Any CPU.ActiveCfg = Debug|Any CPU
		{66C916E0-4C61-4B7F-BBEB-4F9BF0818330}.Debug|Any CPU.Build.0 = Debug|Any CPU
		{66C916E0-4C61-4B7F-BBEB-4F9BF0818330}.Debug|x64.ActiveCfg = Debug|Any CPU
		{66C916E0-4C61-4B7F-BBEB-4F9BF0818330}.Debug|x64.Build.0 = Debug|Any CPU
		{66C916E0-4C61-4B7F-BBEB-4F9BF0818330}.Debug|x86.ActiveCfg = Debug|Any CPU
		{66C916E0-4C61-4B7F-BBEB-4F9BF0818330}.Debug|x86.Build.0 = Debug|Any CPU
		{66C916E0-4C61-4B7F-BBEB-4F9BF0818330}.Release|Any CPU.ActiveCfg = Release|Any CPU
		{66C916E0-4C61-4B7F-BBEB-4F9BF0818330}.Release|Any CPU.Build.0 = Release|Any CPU
		{66C916E0-4C61-4B7F-BBEB-4F9BF0818330}.Release|x64.ActiveCfg = Release|Any CPU
		{66C916E0-4C61-4B7F-BBEB-4F9BF0818330}.Release|x64.Build.0 = Release|Any CPU
		{66C916E0-4C61-4B7F-BBEB-4F9BF0818330}.Release|x86.ActiveCfg = Release|Any CPU
		{66C916E0-4C61-4B7F-BBEB-4F9BF0818330}.Release|x86.Build.0 = Release|Any CPU
	EndGlobalSection
	GlobalSection(SolutionProperties) = preSolution
		HideSolutionNode = FALSE
	EndGlobalSection
EndGlobal
